// !$*UTF8*$!
{
	archiveVersion = 1;
	classes = {
	};
	objectVersion = 55;
	objects = {

/* Begin PBXBuildFile section */
		DE12F9E028C8F19F00F416EF /* AppDelegate.swift in Sources */ = {isa = PBXBuildFile; fileRef = DE12F9DF28C8F19F00F416EF /* AppDelegate.swift */; };
		DE12F9E228C8F19F00F416EF /* SceneDelegate.swift in Sources */ = {isa = PBXBuildFile; fileRef = DE12F9E128C8F19F00F416EF /* SceneDelegate.swift */; };
		DE12F9E928C8F19F00F416EF /* Assets.xcassets in Resources */ = {isa = PBXBuildFile; fileRef = DE12F9E828C8F19F00F416EF /* Assets.xcassets */; };
		DE16570428D8792700CAE725 /* CommonConstraints.swift in Sources */ = {isa = PBXBuildFile; fileRef = DE16570328D8792700CAE725 /* CommonConstraints.swift */; };
		DE1B7B5E28E4ABB100C35B72 /* UIButtonExtension.swift in Sources */ = {isa = PBXBuildFile; fileRef = DE1B7B5D28E4ABB100C35B72 /* UIButtonExtension.swift */; };
		DE1B7B6028E4AC9800C35B72 /* UISwitchExtension.swift in Sources */ = {isa = PBXBuildFile; fileRef = DE1B7B5F28E4AC9800C35B72 /* UISwitchExtension.swift */; };
		DE1B7B6228E4ACFF00C35B72 /* UITextFieldExtension.swift in Sources */ = {isa = PBXBuildFile; fileRef = DE1B7B6128E4ACFF00C35B72 /* UITextFieldExtension.swift */; };
		DE1B7B6428E4B3DD00C35B72 /* ColorStyle.swift in Sources */ = {isa = PBXBuildFile; fileRef = DE1B7B6328E4B3DD00C35B72 /* ColorStyle.swift */; };
		DE1B7B6628E4B4F200C35B72 /* ExploreModel.swift in Sources */ = {isa = PBXBuildFile; fileRef = DE1B7B6528E4B4F200C35B72 /* ExploreModel.swift */; };
		DE1B7B6828E4B54F00C35B72 /* HomeModel.swift in Sources */ = {isa = PBXBuildFile; fileRef = DE1B7B6728E4B54F00C35B72 /* HomeModel.swift */; };
		DE1B7B6A28E4B57400C35B72 /* RadioModel.swift in Sources */ = {isa = PBXBuildFile; fileRef = DE1B7B6928E4B57400C35B72 /* RadioModel.swift */; };
		DE1B7B6C28E4B59700C35B72 /* AccountModel.swift in Sources */ = {isa = PBXBuildFile; fileRef = DE1B7B6B28E4B59700C35B72 /* AccountModel.swift */; };
		DE1B7B6F28E4B69E00C35B72 /* ExploreTracksCell.swift in Sources */ = {isa = PBXBuildFile; fileRef = DE1B7B6E28E4B69E00C35B72 /* ExploreTracksCell.swift */; };
		DE1B7B7528E4C3D800C35B72 /* ExploreTracksCellConstraints.swift in Sources */ = {isa = PBXBuildFile; fileRef = DE1B7B7428E4C3D800C35B72 /* ExploreTracksCellConstraints.swift */; };
		DE27953728D4E08200375D48 /* SignInConstraints.swift in Sources */ = {isa = PBXBuildFile; fileRef = DE27953628D4E08200375D48 /* SignInConstraints.swift */; };
		DE4DA56828CDEB6900E3DE1B /* Roboto-Medium.ttf in Resources */ = {isa = PBXBuildFile; fileRef = DE4DA56428CDEB6900E3DE1B /* Roboto-Medium.ttf */; };
		DE4DA56928CDEB6900E3DE1B /* Roboto-Black.ttf in Resources */ = {isa = PBXBuildFile; fileRef = DE4DA56528CDEB6900E3DE1B /* Roboto-Black.ttf */; };
		DE4DA56A28CDEB6900E3DE1B /* Roboto-Regular.ttf in Resources */ = {isa = PBXBuildFile; fileRef = DE4DA56628CDEB6900E3DE1B /* Roboto-Regular.ttf */; };
		DE4DA56B28CDEB6900E3DE1B /* Roboto-Bold.ttf in Resources */ = {isa = PBXBuildFile; fileRef = DE4DA56728CDEB6900E3DE1B /* Roboto-Bold.ttf */; };
		DE4DA56F28CDECF100E3DE1B /* Montserrat-Medium.ttf in Resources */ = {isa = PBXBuildFile; fileRef = DE4DA56C28CDECF100E3DE1B /* Montserrat-Medium.ttf */; };
		DE4DA57028CDECF100E3DE1B /* Montserrat-Regular.ttf in Resources */ = {isa = PBXBuildFile; fileRef = DE4DA56D28CDECF100E3DE1B /* Montserrat-Regular.ttf */; };
		DE4DA57128CDECF100E3DE1B /* Montserrat-SemiBold.ttf in Resources */ = {isa = PBXBuildFile; fileRef = DE4DA56E28CDECF100E3DE1B /* Montserrat-SemiBold.ttf */; };
		DE4DA57328CDEE1500E3DE1B /* Quicksand-Bold.ttf in Resources */ = {isa = PBXBuildFile; fileRef = DE4DA57228CDEE1500E3DE1B /* Quicksand-Bold.ttf */; };
		DE4DA57528CDEE5700E3DE1B /* SignInController.swift in Sources */ = {isa = PBXBuildFile; fileRef = DE4DA57428CDEE5700E3DE1B /* SignInController.swift */; };
		DE4DA57728CDEE8A00E3DE1B /* SignInView.swift in Sources */ = {isa = PBXBuildFile; fileRef = DE4DA57628CDEE8A00E3DE1B /* SignInView.swift */; };
		DE4F286B28D1C43200996340 /* Montserrat-Bold.ttf in Resources */ = {isa = PBXBuildFile; fileRef = DE4F286A28D1C43200996340 /* Montserrat-Bold.ttf */; };
		DE64BF0728D74D2700C6139B /* SignUpController.swift in Sources */ = {isa = PBXBuildFile; fileRef = DE64BF0628D74D2700C6139B /* SignUpController.swift */; };
		DE64BF0A28D74D5900C6139B /* SignUpView.swift in Sources */ = {isa = PBXBuildFile; fileRef = DE64BF0928D74D5900C6139B /* SignUpView.swift */; };
		DE64BF0E28D7556800C6139B /* ForgotPasswordController.swift in Sources */ = {isa = PBXBuildFile; fileRef = DE64BF0D28D7556800C6139B /* ForgotPasswordController.swift */; };
		DE64BF1128D755BB00C6139B /* ForgotPasswordView.swift in Sources */ = {isa = PBXBuildFile; fileRef = DE64BF1028D755BB00C6139B /* ForgotPasswordView.swift */; };
		DE64BF1528D75D1100C6139B /* ForgotPasswordExtensions.swift in Sources */ = {isa = PBXBuildFile; fileRef = DE64BF1428D75D1100C6139B /* ForgotPasswordExtensions.swift */; };
		DE64BF1828D7605700C6139B /* ChangePasswordController.swift in Sources */ = {isa = PBXBuildFile; fileRef = DE64BF1728D7605700C6139B /* ChangePasswordController.swift */; };
		DE64BF1A28D7606A00C6139B /* ChangePasswordView.swift in Sources */ = {isa = PBXBuildFile; fileRef = DE64BF1928D7606A00C6139B /* ChangePasswordView.swift */; };
		DE64BF1F28D78DCD00C6139B /* UILabelExtension.swift in Sources */ = {isa = PBXBuildFile; fileRef = DE64BF1E28D78DCD00C6139B /* UILabelExtension.swift */; };
		DE64BF2128D78DFE00C6139B /* UIBarButtonItemExtension.swift in Sources */ = {isa = PBXBuildFile; fileRef = DE64BF2028D78DFE00C6139B /* UIBarButtonItemExtension.swift */; };
		DE64BF2328D791E200C6139B /* VerifyPhoneController.swift in Sources */ = {isa = PBXBuildFile; fileRef = DE64BF2228D791E200C6139B /* VerifyPhoneController.swift */; };
		DE64BF2628D7920600C6139B /* VerifyCodeController.swift in Sources */ = {isa = PBXBuildFile; fileRef = DE64BF2528D7920600C6139B /* VerifyCodeController.swift */; };
		DE64BF2828D7921900C6139B /* VerifyDoneController.swift in Sources */ = {isa = PBXBuildFile; fileRef = DE64BF2728D7921900C6139B /* VerifyDoneController.swift */; };
		DE64BF2C28D7927200C6139B /* VerifyPhoneView.swift in Sources */ = {isa = PBXBuildFile; fileRef = DE64BF2B28D7927200C6139B /* VerifyPhoneView.swift */; };
		DE64BF3028D7928C00C6139B /* VerifyCodeView.swift in Sources */ = {isa = PBXBuildFile; fileRef = DE64BF2F28D7928C00C6139B /* VerifyCodeView.swift */; };
		DE64BF3228D7929900C6139B /* VerifyCodeConstraints.swift in Sources */ = {isa = PBXBuildFile; fileRef = DE64BF3128D7929900C6139B /* VerifyCodeConstraints.swift */; };
		DE64BF3428D792A400C6139B /* VerifyDoneView.swift in Sources */ = {isa = PBXBuildFile; fileRef = DE64BF3328D792A400C6139B /* VerifyDoneView.swift */; };
		DE64BF3628D792B600C6139B /* VerifyDoneConstraints.swift in Sources */ = {isa = PBXBuildFile; fileRef = DE64BF3528D792B600C6139B /* VerifyDoneConstraints.swift */; };
		DE683F0428D9AD2000CCB5BA /* HomeConstraints.swift in Sources */ = {isa = PBXBuildFile; fileRef = DE683F0328D9AD2000CCB5BA /* HomeConstraints.swift */; };
		DE74D7FC28DCE4BA0046A878 /* AlbumCarouselLayout.swift in Sources */ = {isa = PBXBuildFile; fileRef = DE74D7FB28DCE4BA0046A878 /* AlbumCarouselLayout.swift */; };
		DE74D7FE28DCE53F0046A878 /* AlbumCarousel.swift in Sources */ = {isa = PBXBuildFile; fileRef = DE74D7FD28DCE53F0046A878 /* AlbumCarousel.swift */; };
		DE74D80028DD84E30046A878 /* AlbumConstraints.swift in Sources */ = {isa = PBXBuildFile; fileRef = DE74D7FF28DD84E30046A878 /* AlbumConstraints.swift */; };
		DE74D80328DE2E6A0046A878 /* MainConstraints.swift in Sources */ = {isa = PBXBuildFile; fileRef = DE74D80228DE2E6A0046A878 /* MainConstraints.swift */; };
		DE74D80728DE32570046A878 /* ExploreConstraints.swift in Sources */ = {isa = PBXBuildFile; fileRef = DE74D80628DE32570046A878 /* ExploreConstraints.swift */; };
		DED4C33D28D8C5F200207AB8 /* TabBarController.swift in Sources */ = {isa = PBXBuildFile; fileRef = DED4C33C28D8C5F200207AB8 /* TabBarController.swift */; };
		DED4C34328D8C78000207AB8 /* HomeController.swift in Sources */ = {isa = PBXBuildFile; fileRef = DED4C34228D8C78000207AB8 /* HomeController.swift */; };
		DED4C34528D8C79A00207AB8 /* ExploreController.swift in Sources */ = {isa = PBXBuildFile; fileRef = DED4C34428D8C79A00207AB8 /* ExploreController.swift */; };
		DED4C34728D8C7A300207AB8 /* RadioController.swift in Sources */ = {isa = PBXBuildFile; fileRef = DED4C34628D8C7A300207AB8 /* RadioController.swift */; };
		DED4C34928D8C7AF00207AB8 /* AccountController.swift in Sources */ = {isa = PBXBuildFile; fileRef = DED4C34828D8C7AF00207AB8 /* AccountController.swift */; };
		DED4C34B28D8DD6F00207AB8 /* HomeView.swift in Sources */ = {isa = PBXBuildFile; fileRef = DED4C34A28D8DD6F00207AB8 /* HomeView.swift */; };
		DED4C34D28D8DD7D00207AB8 /* ExploreView.swift in Sources */ = {isa = PBXBuildFile; fileRef = DED4C34C28D8DD7D00207AB8 /* ExploreView.swift */; };
		DED4C34F28D8DD8600207AB8 /* RadioView.swift in Sources */ = {isa = PBXBuildFile; fileRef = DED4C34E28D8DD8600207AB8 /* RadioView.swift */; };
		DED4C35128D8DD9100207AB8 /* AccountView.swift in Sources */ = {isa = PBXBuildFile; fileRef = DED4C35028D8DD9100207AB8 /* AccountView.swift */; };
		DED6C00428E5960D00F9243F /* TrendingCollectionCell.swift in Sources */ = {isa = PBXBuildFile; fileRef = DED6C00328E5960D00F9243F /* TrendingCollectionCell.swift */; };
		DED6C00628E5C32F00F9243F /* TrendingCollectionConstraints.swift in Sources */ = {isa = PBXBuildFile; fileRef = DED6C00528E5C32F00F9243F /* TrendingCollectionConstraints.swift */; };
/* End PBXBuildFile section */

/* Begin PBXFileReference section */
		DE12F9DC28C8F19F00F416EF /* Geezo.app */ = {isa = PBXFileReference; explicitFileType = wrapper.application; includeInIndex = 0; path = Geezo.app; sourceTree = BUILT_PRODUCTS_DIR; };
		DE12F9DF28C8F19F00F416EF /* AppDelegate.swift */ = {isa = PBXFileReference; lastKnownFileType = sourcecode.swift; path = AppDelegate.swift; sourceTree = "<group>"; };
		DE12F9E128C8F19F00F416EF /* SceneDelegate.swift */ = {isa = PBXFileReference; lastKnownFileType = sourcecode.swift; path = SceneDelegate.swift; sourceTree = "<group>"; };
		DE12F9E828C8F19F00F416EF /* Assets.xcassets */ = {isa = PBXFileReference; lastKnownFileType = folder.assetcatalog; path = Assets.xcassets; sourceTree = "<group>"; };
		DE12F9ED28C8F19F00F416EF /* Info.plist */ = {isa = PBXFileReference; lastKnownFileType = text.plist.xml; path = Info.plist; sourceTree = "<group>"; };
		DE16570328D8792700CAE725 /* CommonConstraints.swift */ = {isa = PBXFileReference; lastKnownFileType = sourcecode.swift; path = CommonConstraints.swift; sourceTree = "<group>"; };
		DE1B7B5D28E4ABB100C35B72 /* UIButtonExtension.swift */ = {isa = PBXFileReference; lastKnownFileType = sourcecode.swift; path = UIButtonExtension.swift; sourceTree = "<group>"; };
		DE1B7B5F28E4AC9800C35B72 /* UISwitchExtension.swift */ = {isa = PBXFileReference; lastKnownFileType = sourcecode.swift; path = UISwitchExtension.swift; sourceTree = "<group>"; };
		DE1B7B6128E4ACFF00C35B72 /* UITextFieldExtension.swift */ = {isa = PBXFileReference; lastKnownFileType = sourcecode.swift; path = UITextFieldExtension.swift; sourceTree = "<group>"; };
		DE1B7B6328E4B3DD00C35B72 /* ColorStyle.swift */ = {isa = PBXFileReference; lastKnownFileType = sourcecode.swift; path = ColorStyle.swift; sourceTree = "<group>"; };
		DE1B7B6528E4B4F200C35B72 /* ExploreModel.swift */ = {isa = PBXFileReference; lastKnownFileType = sourcecode.swift; path = ExploreModel.swift; sourceTree = "<group>"; };
		DE1B7B6728E4B54F00C35B72 /* HomeModel.swift */ = {isa = PBXFileReference; lastKnownFileType = sourcecode.swift; path = HomeModel.swift; sourceTree = "<group>"; };
		DE1B7B6928E4B57400C35B72 /* RadioModel.swift */ = {isa = PBXFileReference; lastKnownFileType = sourcecode.swift; path = RadioModel.swift; sourceTree = "<group>"; };
		DE1B7B6B28E4B59700C35B72 /* AccountModel.swift */ = {isa = PBXFileReference; lastKnownFileType = sourcecode.swift; path = AccountModel.swift; sourceTree = "<group>"; };
		DE1B7B6E28E4B69E00C35B72 /* ExploreTracksCell.swift */ = {isa = PBXFileReference; lastKnownFileType = sourcecode.swift; path = ExploreTracksCell.swift; sourceTree = "<group>"; };
		DE1B7B7428E4C3D800C35B72 /* ExploreTracksCellConstraints.swift */ = {isa = PBXFileReference; lastKnownFileType = sourcecode.swift; path = ExploreTracksCellConstraints.swift; sourceTree = "<group>"; };
		DE27953628D4E08200375D48 /* SignInConstraints.swift */ = {isa = PBXFileReference; lastKnownFileType = sourcecode.swift; path = SignInConstraints.swift; sourceTree = "<group>"; };
		DE4DA56428CDEB6900E3DE1B /* Roboto-Medium.ttf */ = {isa = PBXFileReference; lastKnownFileType = file; name = "Roboto-Medium.ttf"; path = "../../../../../Downloads/Roboto/Roboto-Medium.ttf"; sourceTree = "<group>"; };
		DE4DA56528CDEB6900E3DE1B /* Roboto-Black.ttf */ = {isa = PBXFileReference; lastKnownFileType = file; name = "Roboto-Black.ttf"; path = "../../../../../Downloads/Roboto/Roboto-Black.ttf"; sourceTree = "<group>"; };
		DE4DA56628CDEB6900E3DE1B /* Roboto-Regular.ttf */ = {isa = PBXFileReference; lastKnownFileType = file; name = "Roboto-Regular.ttf"; path = "../../../../../Downloads/Roboto/Roboto-Regular.ttf"; sourceTree = "<group>"; };
		DE4DA56728CDEB6900E3DE1B /* Roboto-Bold.ttf */ = {isa = PBXFileReference; lastKnownFileType = file; name = "Roboto-Bold.ttf"; path = "../../../../../Downloads/Roboto/Roboto-Bold.ttf"; sourceTree = "<group>"; };
		DE4DA56C28CDECF100E3DE1B /* Montserrat-Medium.ttf */ = {isa = PBXFileReference; lastKnownFileType = file; path = "Montserrat-Medium.ttf"; sourceTree = "<group>"; };
		DE4DA56D28CDECF100E3DE1B /* Montserrat-Regular.ttf */ = {isa = PBXFileReference; lastKnownFileType = file; path = "Montserrat-Regular.ttf"; sourceTree = "<group>"; };
		DE4DA56E28CDECF100E3DE1B /* Montserrat-SemiBold.ttf */ = {isa = PBXFileReference; lastKnownFileType = file; path = "Montserrat-SemiBold.ttf"; sourceTree = "<group>"; };
		DE4DA57228CDEE1500E3DE1B /* Quicksand-Bold.ttf */ = {isa = PBXFileReference; lastKnownFileType = file; path = "Quicksand-Bold.ttf"; sourceTree = "<group>"; };
		DE4DA57428CDEE5700E3DE1B /* SignInController.swift */ = {isa = PBXFileReference; lastKnownFileType = sourcecode.swift; path = SignInController.swift; sourceTree = "<group>"; };
		DE4DA57628CDEE8A00E3DE1B /* SignInView.swift */ = {isa = PBXFileReference; lastKnownFileType = sourcecode.swift; path = SignInView.swift; sourceTree = "<group>"; };
		DE4F286A28D1C43200996340 /* Montserrat-Bold.ttf */ = {isa = PBXFileReference; lastKnownFileType = file; path = "Montserrat-Bold.ttf"; sourceTree = "<group>"; };
		DE64BF0628D74D2700C6139B /* SignUpController.swift */ = {isa = PBXFileReference; lastKnownFileType = sourcecode.swift; path = SignUpController.swift; sourceTree = "<group>"; };
		DE64BF0928D74D5900C6139B /* SignUpView.swift */ = {isa = PBXFileReference; lastKnownFileType = sourcecode.swift; path = SignUpView.swift; sourceTree = "<group>"; };
		DE64BF0D28D7556800C6139B /* ForgotPasswordController.swift */ = {isa = PBXFileReference; lastKnownFileType = sourcecode.swift; path = ForgotPasswordController.swift; sourceTree = "<group>"; };
		DE64BF1028D755BB00C6139B /* ForgotPasswordView.swift */ = {isa = PBXFileReference; lastKnownFileType = sourcecode.swift; path = ForgotPasswordView.swift; sourceTree = "<group>"; };
		DE64BF1428D75D1100C6139B /* ForgotPasswordExtensions.swift */ = {isa = PBXFileReference; lastKnownFileType = sourcecode.swift; path = ForgotPasswordExtensions.swift; sourceTree = "<group>"; };
		DE64BF1728D7605700C6139B /* ChangePasswordController.swift */ = {isa = PBXFileReference; lastKnownFileType = sourcecode.swift; path = ChangePasswordController.swift; sourceTree = "<group>"; };
		DE64BF1928D7606A00C6139B /* ChangePasswordView.swift */ = {isa = PBXFileReference; lastKnownFileType = sourcecode.swift; path = ChangePasswordView.swift; sourceTree = "<group>"; };
		DE64BF1E28D78DCD00C6139B /* UILabelExtension.swift */ = {isa = PBXFileReference; lastKnownFileType = sourcecode.swift; path = UILabelExtension.swift; sourceTree = "<group>"; };
		DE64BF2028D78DFE00C6139B /* UIBarButtonItemExtension.swift */ = {isa = PBXFileReference; lastKnownFileType = sourcecode.swift; path = UIBarButtonItemExtension.swift; sourceTree = "<group>"; };
		DE64BF2228D791E200C6139B /* VerifyPhoneController.swift */ = {isa = PBXFileReference; lastKnownFileType = sourcecode.swift; path = VerifyPhoneController.swift; sourceTree = "<group>"; };
		DE64BF2528D7920600C6139B /* VerifyCodeController.swift */ = {isa = PBXFileReference; lastKnownFileType = sourcecode.swift; path = VerifyCodeController.swift; sourceTree = "<group>"; };
		DE64BF2728D7921900C6139B /* VerifyDoneController.swift */ = {isa = PBXFileReference; lastKnownFileType = sourcecode.swift; path = VerifyDoneController.swift; sourceTree = "<group>"; };
		DE64BF2B28D7927200C6139B /* VerifyPhoneView.swift */ = {isa = PBXFileReference; lastKnownFileType = sourcecode.swift; path = VerifyPhoneView.swift; sourceTree = "<group>"; };
		DE64BF2F28D7928C00C6139B /* VerifyCodeView.swift */ = {isa = PBXFileReference; lastKnownFileType = sourcecode.swift; path = VerifyCodeView.swift; sourceTree = "<group>"; };
		DE64BF3128D7929900C6139B /* VerifyCodeConstraints.swift */ = {isa = PBXFileReference; lastKnownFileType = sourcecode.swift; path = VerifyCodeConstraints.swift; sourceTree = "<group>"; };
		DE64BF3328D792A400C6139B /* VerifyDoneView.swift */ = {isa = PBXFileReference; lastKnownFileType = sourcecode.swift; path = VerifyDoneView.swift; sourceTree = "<group>"; };
		DE64BF3528D792B600C6139B /* VerifyDoneConstraints.swift */ = {isa = PBXFileReference; lastKnownFileType = sourcecode.swift; path = VerifyDoneConstraints.swift; sourceTree = "<group>"; };
		DE683F0328D9AD2000CCB5BA /* HomeConstraints.swift */ = {isa = PBXFileReference; lastKnownFileType = sourcecode.swift; path = HomeConstraints.swift; sourceTree = "<group>"; };
		DE74D7FB28DCE4BA0046A878 /* AlbumCarouselLayout.swift */ = {isa = PBXFileReference; lastKnownFileType = sourcecode.swift; path = AlbumCarouselLayout.swift; sourceTree = "<group>"; };
		DE74D7FD28DCE53F0046A878 /* AlbumCarousel.swift */ = {isa = PBXFileReference; lastKnownFileType = sourcecode.swift; path = AlbumCarousel.swift; sourceTree = "<group>"; };
		DE74D7FF28DD84E30046A878 /* AlbumConstraints.swift */ = {isa = PBXFileReference; lastKnownFileType = sourcecode.swift; path = AlbumConstraints.swift; sourceTree = "<group>"; };
		DE74D80228DE2E6A0046A878 /* MainConstraints.swift */ = {isa = PBXFileReference; lastKnownFileType = sourcecode.swift; path = MainConstraints.swift; sourceTree = "<group>"; };
		DE74D80628DE32570046A878 /* ExploreConstraints.swift */ = {isa = PBXFileReference; lastKnownFileType = sourcecode.swift; path = ExploreConstraints.swift; sourceTree = "<group>"; };
		DED4C33C28D8C5F200207AB8 /* TabBarController.swift */ = {isa = PBXFileReference; lastKnownFileType = sourcecode.swift; path = TabBarController.swift; sourceTree = "<group>"; };
		DED4C34228D8C78000207AB8 /* HomeController.swift */ = {isa = PBXFileReference; lastKnownFileType = sourcecode.swift; path = HomeController.swift; sourceTree = "<group>"; };
		DED4C34428D8C79A00207AB8 /* ExploreController.swift */ = {isa = PBXFileReference; lastKnownFileType = sourcecode.swift; path = ExploreController.swift; sourceTree = "<group>"; };
		DED4C34628D8C7A300207AB8 /* RadioController.swift */ = {isa = PBXFileReference; lastKnownFileType = sourcecode.swift; path = RadioController.swift; sourceTree = "<group>"; };
		DED4C34828D8C7AF00207AB8 /* AccountController.swift */ = {isa = PBXFileReference; lastKnownFileType = sourcecode.swift; path = AccountController.swift; sourceTree = "<group>"; };
		DED4C34A28D8DD6F00207AB8 /* HomeView.swift */ = {isa = PBXFileReference; lastKnownFileType = sourcecode.swift; path = HomeView.swift; sourceTree = "<group>"; };
		DED4C34C28D8DD7D00207AB8 /* ExploreView.swift */ = {isa = PBXFileReference; lastKnownFileType = sourcecode.swift; path = ExploreView.swift; sourceTree = "<group>"; };
		DED4C34E28D8DD8600207AB8 /* RadioView.swift */ = {isa = PBXFileReference; lastKnownFileType = sourcecode.swift; path = RadioView.swift; sourceTree = "<group>"; };
		DED4C35028D8DD9100207AB8 /* AccountView.swift */ = {isa = PBXFileReference; lastKnownFileType = sourcecode.swift; path = AccountView.swift; sourceTree = "<group>"; };
		DED6C00328E5960D00F9243F /* TrendingCollectionCell.swift */ = {isa = PBXFileReference; lastKnownFileType = sourcecode.swift; path = TrendingCollectionCell.swift; sourceTree = "<group>"; };
		DED6C00528E5C32F00F9243F /* TrendingCollectionConstraints.swift */ = {isa = PBXFileReference; lastKnownFileType = sourcecode.swift; path = TrendingCollectionConstraints.swift; sourceTree = "<group>"; };
/* End PBXFileReference section */

/* Begin PBXFrameworksBuildPhase section */
		DE12F9D928C8F19F00F416EF /* Frameworks */ = {
			isa = PBXFrameworksBuildPhase;
			buildActionMask = 2147483647;
			files = (
			);
			runOnlyForDeploymentPostprocessing = 0;
		};
/* End PBXFrameworksBuildPhase section */

/* Begin PBXGroup section */
		DE12F9D328C8F19F00F416EF = {
			isa = PBXGroup;
			children = (
				DE12F9DE28C8F19F00F416EF /* Geezo */,
				DE12F9DD28C8F19F00F416EF /* Products */,
			);
			sourceTree = "<group>";
		};
		DE12F9DD28C8F19F00F416EF /* Products */ = {
			isa = PBXGroup;
			children = (
				DE12F9DC28C8F19F00F416EF /* Geezo.app */,
			);
			name = Products;
			sourceTree = "<group>";
		};
		DE12F9DE28C8F19F00F416EF /* Geezo */ = {
			isa = PBXGroup;
			children = (
				DE64BF1D28D78DB300C6139B /* Extensions */,
				DE4DA55F28CDEB3D00E3DE1B /* Fonts */,
				DE12F9F328C8F1A900F416EF /* Model */,
				DE12F9F428C8F1B500F416EF /* View */,
				DE12F9F528C8F1BA00F416EF /* Controller */,
				DE12F9DF28C8F19F00F416EF /* AppDelegate.swift */,
				DE12F9E128C8F19F00F416EF /* SceneDelegate.swift */,
				DE1B7B6328E4B3DD00C35B72 /* ColorStyle.swift */,
				DE12F9ED28C8F19F00F416EF /* Info.plist */,
				DE12F9E828C8F19F00F416EF /* Assets.xcassets */,
			);
			path = Geezo;
			sourceTree = "<group>";
		};
		DE12F9F328C8F1A900F416EF /* Model */ = {
			isa = PBXGroup;
			children = (
				DE83A8C328DED9D800A1CF4E /* Main */,
				DE83A8C428DED9E900A1CF4E /* Autorization */,
			);
			path = Model;
			sourceTree = "<group>";
		};
		DE12F9F428C8F1B500F416EF /* View */ = {
			isa = PBXGroup;
			children = (
				DED4C34128D8C75400207AB8 /* Main */,
				DE16570628D8B13500CAE725 /* Autorization */,
				DE16570328D8792700CAE725 /* CommonConstraints.swift */,
			);
			path = View;
			sourceTree = "<group>";
		};
		DE12F9F528C8F1BA00F416EF /* Controller */ = {
			isa = PBXGroup;
			children = (
				DED4C34028D8C73300207AB8 /* Main */,
				DE16570728D8B17E00CAE725 /* Autorization */,
			);
			path = Controller;
			sourceTree = "<group>";
		};
		DE16570528D8B10D00CAE725 /* Verify */ = {
			isa = PBXGroup;
			children = (
				DE64BF2A28D7922B00C6139B /* VerifyDone */,
				DE64BF2928D7922100C6139B /* VerifyCode */,
				DE64BF2428D791E800C6139B /* VerifyPhone */,
			);
			path = Verify;
			sourceTree = "<group>";
		};
		DE16570628D8B13500CAE725 /* Autorization */ = {
			isa = PBXGroup;
			children = (
				DE27953328D4D9E200375D48 /* SignIn */,
				DE64BF0828D74D4100C6139B /* SignUp */,
				DE64BF0F28D7559F00C6139B /* ForgotPassword */,
				DE64BF1628D7603C00C6139B /* ChangePassword */,
				DE16570528D8B10D00CAE725 /* Verify */,
			);
			path = Autorization;
			sourceTree = "<group>";
		};
		DE16570728D8B17E00CAE725 /* Autorization */ = {
			isa = PBXGroup;
			children = (
				DE16570828D8B18C00CAE725 /* Verify */,
				DE4DA57428CDEE5700E3DE1B /* SignInController.swift */,
				DE64BF0628D74D2700C6139B /* SignUpController.swift */,
				DE64BF0D28D7556800C6139B /* ForgotPasswordController.swift */,
				DE64BF1728D7605700C6139B /* ChangePasswordController.swift */,
			);
			path = Autorization;
			sourceTree = "<group>";
		};
		DE16570828D8B18C00CAE725 /* Verify */ = {
			isa = PBXGroup;
			children = (
				DE64BF2728D7921900C6139B /* VerifyDoneController.swift */,
				DE64BF2528D7920600C6139B /* VerifyCodeController.swift */,
				DE64BF2228D791E200C6139B /* VerifyPhoneController.swift */,
			);
			path = Verify;
			sourceTree = "<group>";
		};
		DE1B7B7328E4C3C100C35B72 /* Tracks */ = {
			isa = PBXGroup;
			children = (
				DE1B7B6E28E4B69E00C35B72 /* ExploreTracksCell.swift */,
				DE1B7B7428E4C3D800C35B72 /* ExploreTracksCellConstraints.swift */,
			);
			path = Tracks;
			sourceTree = "<group>";
		};
		DE27953328D4D9E200375D48 /* SignIn */ = {
			isa = PBXGroup;
			children = (
				DE4DA57628CDEE8A00E3DE1B /* SignInView.swift */,
				DE27953628D4E08200375D48 /* SignInConstraints.swift */,
			);
			path = SignIn;
			sourceTree = "<group>";
		};
		DE4DA55F28CDEB3D00E3DE1B /* Fonts */ = {
			isa = PBXGroup;
			children = (
				DE4DA56528CDEB6900E3DE1B /* Roboto-Black.ttf */,
				DE4DA56728CDEB6900E3DE1B /* Roboto-Bold.ttf */,
				DE4DA56428CDEB6900E3DE1B /* Roboto-Medium.ttf */,
				DE4DA56628CDEB6900E3DE1B /* Roboto-Regular.ttf */,
				DE4DA56C28CDECF100E3DE1B /* Montserrat-Medium.ttf */,
				DE4DA56D28CDECF100E3DE1B /* Montserrat-Regular.ttf */,
				DE4F286A28D1C43200996340 /* Montserrat-Bold.ttf */,
				DE4DA56E28CDECF100E3DE1B /* Montserrat-SemiBold.ttf */,
				DE4DA57228CDEE1500E3DE1B /* Quicksand-Bold.ttf */,
			);
			path = Fonts;
			sourceTree = "<group>";
		};
		DE64BF0828D74D4100C6139B /* SignUp */ = {
			isa = PBXGroup;
			children = (
				DE64BF0928D74D5900C6139B /* SignUpView.swift */,
			);
			path = SignUp;
			sourceTree = "<group>";
		};
		DE64BF0F28D7559F00C6139B /* ForgotPassword */ = {
			isa = PBXGroup;
			children = (
				DE64BF1028D755BB00C6139B /* ForgotPasswordView.swift */,
				DE64BF1428D75D1100C6139B /* ForgotPasswordExtensions.swift */,
			);
			path = ForgotPassword;
			sourceTree = "<group>";
		};
		DE64BF1628D7603C00C6139B /* ChangePassword */ = {
			isa = PBXGroup;
			children = (
				DE64BF1928D7606A00C6139B /* ChangePasswordView.swift */,
			);
			path = ChangePassword;
			sourceTree = "<group>";
		};
		DE64BF1D28D78DB300C6139B /* Extensions */ = {
			isa = PBXGroup;
			children = (
				DE64BF1E28D78DCD00C6139B /* UILabelExtension.swift */,
				DE64BF2028D78DFE00C6139B /* UIBarButtonItemExtension.swift */,
				DE1B7B5D28E4ABB100C35B72 /* UIButtonExtension.swift */,
				DE1B7B5F28E4AC9800C35B72 /* UISwitchExtension.swift */,
				DE1B7B6128E4ACFF00C35B72 /* UITextFieldExtension.swift */,
			);
			path = Extensions;
			sourceTree = "<group>";
		};
		DE64BF2428D791E800C6139B /* VerifyPhone */ = {
			isa = PBXGroup;
			children = (
				DE64BF2B28D7927200C6139B /* VerifyPhoneView.swift */,
			);
			path = VerifyPhone;
			sourceTree = "<group>";
		};
		DE64BF2928D7922100C6139B /* VerifyCode */ = {
			isa = PBXGroup;
			children = (
				DE64BF2F28D7928C00C6139B /* VerifyCodeView.swift */,
				DE64BF3128D7929900C6139B /* VerifyCodeConstraints.swift */,
			);
			path = VerifyCode;
			sourceTree = "<group>";
		};
		DE64BF2A28D7922B00C6139B /* VerifyDone */ = {
			isa = PBXGroup;
			children = (
				DE64BF3328D792A400C6139B /* VerifyDoneView.swift */,
				DE64BF3528D792B600C6139B /* VerifyDoneConstraints.swift */,
			);
			path = VerifyDone;
			sourceTree = "<group>";
		};
		DE683F0228D9AD0B00CCB5BA /* Home */ = {
			isa = PBXGroup;
			children = (
				DE74D7FA28DCE4950046A878 /* AlbumsCarousel */,
				DED4C34A28D8DD6F00207AB8 /* HomeView.swift */,
				DE683F0328D9AD2000CCB5BA /* HomeConstraints.swift */,
			);
			path = Home;
			sourceTree = "<group>";
		};
		DE74D7FA28DCE4950046A878 /* AlbumsCarousel */ = {
			isa = PBXGroup;
			children = (
				DE74D7FB28DCE4BA0046A878 /* AlbumCarouselLayout.swift */,
				DE74D7FD28DCE53F0046A878 /* AlbumCarousel.swift */,
				DE74D7FF28DD84E30046A878 /* AlbumConstraints.swift */,
			);
			path = AlbumsCarousel;
			sourceTree = "<group>";
		};
		DE74D80128DE2DE40046A878 /* Explore */ = {
			isa = PBXGroup;
			children = (
				DED6C00228E595EA00F9243F /* Trendings */,
				DE1B7B7328E4C3C100C35B72 /* Tracks */,
				DED4C34C28D8DD7D00207AB8 /* ExploreView.swift */,
				DE74D80628DE32570046A878 /* ExploreConstraints.swift */,
			);
			path = Explore;
			sourceTree = "<group>";
		};
		DE74D80428DE2E6F0046A878 /* Radio */ = {
			isa = PBXGroup;
			children = (
				DED4C34E28D8DD8600207AB8 /* RadioView.swift */,
			);
			path = Radio;
			sourceTree = "<group>";
		};
		DE74D80528DE2E7D0046A878 /* Account */ = {
			isa = PBXGroup;
			children = (
				DED4C35028D8DD9100207AB8 /* AccountView.swift */,
			);
			path = Account;
			sourceTree = "<group>";
		};
		DE83A8C328DED9D800A1CF4E /* Main */ = {
			isa = PBXGroup;
			children = (
				DE83A8D128DF1D4E00A1CF4E /* Home */,
				DE83A8C528DED9FD00A1CF4E /* Explore */,
				DE83A8D228DF1D5B00A1CF4E /* Radio */,
				DE83A8D328DF1D6000A1CF4E /* Account */,
			);
			path = Main;
			sourceTree = "<group>";
		};
		DE83A8C428DED9E900A1CF4E /* Autorization */ = {
			isa = PBXGroup;
			children = (
			);
			path = Autorization;
			sourceTree = "<group>";
		};
		DE83A8C528DED9FD00A1CF4E /* Explore */ = {
			isa = PBXGroup;
			children = (
				DE1B7B6528E4B4F200C35B72 /* ExploreModel.swift */,
			);
			path = Explore;
			sourceTree = "<group>";
		};
		DE83A8CD28DF1CE300A1CF4E /* Home */ = {
			isa = PBXGroup;
			children = (
				DED4C34228D8C78000207AB8 /* HomeController.swift */,
			);
			path = Home;
			sourceTree = "<group>";
		};
		DE83A8CE28DF1CED00A1CF4E /* Explore */ = {
			isa = PBXGroup;
			children = (
				DED4C34428D8C79A00207AB8 /* ExploreController.swift */,
			);
			path = Explore;
			sourceTree = "<group>";
		};
		DE83A8CF28DF1CFA00A1CF4E /* Radio */ = {
			isa = PBXGroup;
			children = (
				DED4C34628D8C7A300207AB8 /* RadioController.swift */,
			);
			path = Radio;
			sourceTree = "<group>";
		};
		DE83A8D028DF1D0D00A1CF4E /* Account */ = {
			isa = PBXGroup;
			children = (
				DED4C34828D8C7AF00207AB8 /* AccountController.swift */,
			);
			path = Account;
			sourceTree = "<group>";
		};
		DE83A8D128DF1D4E00A1CF4E /* Home */ = {
			isa = PBXGroup;
			children = (
				DE1B7B6728E4B54F00C35B72 /* HomeModel.swift */,
			);
			path = Home;
			sourceTree = "<group>";
		};
		DE83A8D228DF1D5B00A1CF4E /* Radio */ = {
			isa = PBXGroup;
			children = (
				DE1B7B6928E4B57400C35B72 /* RadioModel.swift */,
			);
			path = Radio;
			sourceTree = "<group>";
		};
		DE83A8D328DF1D6000A1CF4E /* Account */ = {
			isa = PBXGroup;
			children = (
				DE1B7B6B28E4B59700C35B72 /* AccountModel.swift */,
			);
			path = Account;
			sourceTree = "<group>";
		};
		DED4C34028D8C73300207AB8 /* Main */ = {
			isa = PBXGroup;
			children = (
				DE83A8CD28DF1CE300A1CF4E /* Home */,
				DE83A8CE28DF1CED00A1CF4E /* Explore */,
				DE83A8CF28DF1CFA00A1CF4E /* Radio */,
				DE83A8D028DF1D0D00A1CF4E /* Account */,
				DED4C33C28D8C5F200207AB8 /* TabBarController.swift */,
			);
			path = Main;
			sourceTree = "<group>";
		};
		DED4C34128D8C75400207AB8 /* Main */ = {
			isa = PBXGroup;
			children = (
				DE683F0228D9AD0B00CCB5BA /* Home */,
				DE74D80128DE2DE40046A878 /* Explore */,
				DE74D80428DE2E6F0046A878 /* Radio */,
				DE74D80528DE2E7D0046A878 /* Account */,
				DE74D80228DE2E6A0046A878 /* MainConstraints.swift */,
			);
			path = Main;
			sourceTree = "<group>";
		};
		DED6C00228E595EA00F9243F /* Trendings */ = {
			isa = PBXGroup;
			children = (
				DED6C00328E5960D00F9243F /* TrendingCollectionCell.swift */,
				DED6C00528E5C32F00F9243F /* TrendingCollectionConstraints.swift */,
			);
			path = Trendings;
			sourceTree = "<group>";
		};
/* End PBXGroup section */

/* Begin PBXNativeTarget section */
		DE12F9DB28C8F19F00F416EF /* Geezo */ = {
			isa = PBXNativeTarget;
			buildConfigurationList = DE12F9F028C8F19F00F416EF /* Build configuration list for PBXNativeTarget "Geezo" */;
			buildPhases = (
				DE12F9D828C8F19F00F416EF /* Sources */,
				DE12F9D928C8F19F00F416EF /* Frameworks */,
				DE12F9DA28C8F19F00F416EF /* Resources */,
			);
			buildRules = (
			);
			dependencies = (
			);
			name = Geezo;
			productName = Geezo;
			productReference = DE12F9DC28C8F19F00F416EF /* Geezo.app */;
			productType = "com.apple.product-type.application";
		};
/* End PBXNativeTarget section */

/* Begin PBXProject section */
		DE12F9D428C8F19F00F416EF /* Project object */ = {
			isa = PBXProject;
			attributes = {
				BuildIndependentTargetsInParallel = 1;
				LastSwiftUpdateCheck = 1340;
				LastUpgradeCheck = 1340;
				TargetAttributes = {
					DE12F9DB28C8F19F00F416EF = {
						CreatedOnToolsVersion = 13.4.1;
					};
				};
			};
			buildConfigurationList = DE12F9D728C8F19F00F416EF /* Build configuration list for PBXProject "Geezo" */;
			compatibilityVersion = "Xcode 13.0";
			developmentRegion = en;
			hasScannedForEncodings = 0;
			knownRegions = (
				en,
				Base,
			);
			mainGroup = DE12F9D328C8F19F00F416EF;
			productRefGroup = DE12F9DD28C8F19F00F416EF /* Products */;
			projectDirPath = "";
			projectRoot = "";
			targets = (
				DE12F9DB28C8F19F00F416EF /* Geezo */,
			);
		};
/* End PBXProject section */

/* Begin PBXResourcesBuildPhase section */
		DE12F9DA28C8F19F00F416EF /* Resources */ = {
			isa = PBXResourcesBuildPhase;
			buildActionMask = 2147483647;
			files = (
				DE4F286B28D1C43200996340 /* Montserrat-Bold.ttf in Resources */,
				DE4DA57028CDECF100E3DE1B /* Montserrat-Regular.ttf in Resources */,
				DE4DA56B28CDEB6900E3DE1B /* Roboto-Bold.ttf in Resources */,
				DE4DA56A28CDEB6900E3DE1B /* Roboto-Regular.ttf in Resources */,
				DE4DA56828CDEB6900E3DE1B /* Roboto-Medium.ttf in Resources */,
				DE4DA57128CDECF100E3DE1B /* Montserrat-SemiBold.ttf in Resources */,
				DE4DA57328CDEE1500E3DE1B /* Quicksand-Bold.ttf in Resources */,
				DE4DA56928CDEB6900E3DE1B /* Roboto-Black.ttf in Resources */,
				DE12F9E928C8F19F00F416EF /* Assets.xcassets in Resources */,
				DE4DA56F28CDECF100E3DE1B /* Montserrat-Medium.ttf in Resources */,
			);
			runOnlyForDeploymentPostprocessing = 0;
		};
/* End PBXResourcesBuildPhase section */

/* Begin PBXSourcesBuildPhase section */
		DE12F9D828C8F19F00F416EF /* Sources */ = {
			isa = PBXSourcesBuildPhase;
			buildActionMask = 2147483647;
			files = (
				DE64BF1828D7605700C6139B /* ChangePasswordController.swift in Sources */,
				DE1B7B6028E4AC9800C35B72 /* UISwitchExtension.swift in Sources */,
				DE74D7FC28DCE4BA0046A878 /* AlbumCarouselLayout.swift in Sources */,
				DE16570428D8792700CAE725 /* CommonConstraints.swift in Sources */,
				DED4C34328D8C78000207AB8 /* HomeController.swift in Sources */,
				DE4DA57528CDEE5700E3DE1B /* SignInController.swift in Sources */,
				DED4C35128D8DD9100207AB8 /* AccountView.swift in Sources */,
				DE1B7B5E28E4ABB100C35B72 /* UIButtonExtension.swift in Sources */,
				DE1B7B7528E4C3D800C35B72 /* ExploreTracksCellConstraints.swift in Sources */,
				DE64BF2828D7921900C6139B /* VerifyDoneController.swift in Sources */,
				DE1B7B6228E4ACFF00C35B72 /* UITextFieldExtension.swift in Sources */,
				DE74D80728DE32570046A878 /* ExploreConstraints.swift in Sources */,
				DED4C34F28D8DD8600207AB8 /* RadioView.swift in Sources */,
				DE64BF1F28D78DCD00C6139B /* UILabelExtension.swift in Sources */,
				DE1B7B6F28E4B69E00C35B72 /* ExploreTracksCell.swift in Sources */,
				DE74D7FE28DCE53F0046A878 /* AlbumCarousel.swift in Sources */,
				DE64BF0728D74D2700C6139B /* SignUpController.swift in Sources */,
				DE1B7B6428E4B3DD00C35B72 /* ColorStyle.swift in Sources */,
				DE4DA57728CDEE8A00E3DE1B /* SignInView.swift in Sources */,
				DE64BF1528D75D1100C6139B /* ForgotPasswordExtensions.swift in Sources */,
				DE27953728D4E08200375D48 /* SignInConstraints.swift in Sources */,
				DED4C34928D8C7AF00207AB8 /* AccountController.swift in Sources */,
				DE64BF2328D791E200C6139B /* VerifyPhoneController.swift in Sources */,
				DE64BF1128D755BB00C6139B /* ForgotPasswordView.swift in Sources */,
				DE64BF0A28D74D5900C6139B /* SignUpView.swift in Sources */,
				DE64BF0E28D7556800C6139B /* ForgotPasswordController.swift in Sources */,
				DE1B7B6828E4B54F00C35B72 /* HomeModel.swift in Sources */,
				DED6C00628E5C32F00F9243F /* TrendingCollectionConstraints.swift in Sources */,
				DE1B7B6628E4B4F200C35B72 /* ExploreModel.swift in Sources */,
				DED4C34528D8C79A00207AB8 /* ExploreController.swift in Sources */,
				DED4C34B28D8DD6F00207AB8 /* HomeView.swift in Sources */,
				DE64BF2128D78DFE00C6139B /* UIBarButtonItemExtension.swift in Sources */,
				DE64BF2C28D7927200C6139B /* VerifyPhoneView.swift in Sources */,
				DE64BF3028D7928C00C6139B /* VerifyCodeView.swift in Sources */,
				DE64BF3428D792A400C6139B /* VerifyDoneView.swift in Sources */,
				DED4C33D28D8C5F200207AB8 /* TabBarController.swift in Sources */,
				DE1B7B6C28E4B59700C35B72 /* AccountModel.swift in Sources */,
				DED4C34728D8C7A300207AB8 /* RadioController.swift in Sources */,
				DE64BF2628D7920600C6139B /* VerifyCodeController.swift in Sources */,
				DE64BF1A28D7606A00C6139B /* ChangePasswordView.swift in Sources */,
				DE12F9E028C8F19F00F416EF /* AppDelegate.swift in Sources */,
				DE64BF3228D7929900C6139B /* VerifyCodeConstraints.swift in Sources */,
				DE1B7B6A28E4B57400C35B72 /* RadioModel.swift in Sources */,
				DED6C00428E5960D00F9243F /* TrendingCollectionCell.swift in Sources */,
				DE12F9E228C8F19F00F416EF /* SceneDelegate.swift in Sources */,
				DED4C34D28D8DD7D00207AB8 /* ExploreView.swift in Sources */,
				DE64BF3628D792B600C6139B /* VerifyDoneConstraints.swift in Sources */,
				DE74D80328DE2E6A0046A878 /* MainConstraints.swift in Sources */,
				DE74D80028DD84E30046A878 /* AlbumConstraints.swift in Sources */,
				DE683F0428D9AD2000CCB5BA /* HomeConstraints.swift in Sources */,
			);
			runOnlyForDeploymentPostprocessing = 0;
		};
/* End PBXSourcesBuildPhase section */

/* Begin XCBuildConfiguration section */
		DE12F9EE28C8F19F00F416EF /* Debug */ = {
			isa = XCBuildConfiguration;
			buildSettings = {
				ALWAYS_SEARCH_USER_PATHS = NO;
				CLANG_ANALYZER_NONNULL = YES;
				CLANG_ANALYZER_NUMBER_OBJECT_CONVERSION = YES_AGGRESSIVE;
				CLANG_CXX_LANGUAGE_STANDARD = "gnu++17";
				CLANG_ENABLE_MODULES = YES;
				CLANG_ENABLE_OBJC_ARC = YES;
				CLANG_ENABLE_OBJC_WEAK = YES;
				CLANG_WARN_BLOCK_CAPTURE_AUTORELEASING = YES;
				CLANG_WARN_BOOL_CONVERSION = YES;
				CLANG_WARN_COMMA = YES;
				CLANG_WARN_CONSTANT_CONVERSION = YES;
				CLANG_WARN_DEPRECATED_OBJC_IMPLEMENTATIONS = YES;
				CLANG_WARN_DIRECT_OBJC_ISA_USAGE = YES_ERROR;
				CLANG_WARN_DOCUMENTATION_COMMENTS = YES;
				CLANG_WARN_EMPTY_BODY = YES;
				CLANG_WARN_ENUM_CONVERSION = YES;
				CLANG_WARN_INFINITE_RECURSION = YES;
				CLANG_WARN_INT_CONVERSION = YES;
				CLANG_WARN_NON_LITERAL_NULL_CONVERSION = YES;
				CLANG_WARN_OBJC_IMPLICIT_RETAIN_SELF = YES;
				CLANG_WARN_OBJC_LITERAL_CONVERSION = YES;
				CLANG_WARN_OBJC_ROOT_CLASS = YES_ERROR;
				CLANG_WARN_QUOTED_INCLUDE_IN_FRAMEWORK_HEADER = YES;
				CLANG_WARN_RANGE_LOOP_ANALYSIS = YES;
				CLANG_WARN_STRICT_PROTOTYPES = YES;
				CLANG_WARN_SUSPICIOUS_MOVE = YES;
				CLANG_WARN_UNGUARDED_AVAILABILITY = YES_AGGRESSIVE;
				CLANG_WARN_UNREACHABLE_CODE = YES;
				CLANG_WARN__DUPLICATE_METHOD_MATCH = YES;
				COPY_PHASE_STRIP = NO;
				DEBUG_INFORMATION_FORMAT = dwarf;
				ENABLE_STRICT_OBJC_MSGSEND = YES;
				ENABLE_TESTABILITY = YES;
				GCC_C_LANGUAGE_STANDARD = gnu11;
				GCC_DYNAMIC_NO_PIC = NO;
				GCC_NO_COMMON_BLOCKS = YES;
				GCC_OPTIMIZATION_LEVEL = 0;
				GCC_PREPROCESSOR_DEFINITIONS = (
					"DEBUG=1",
					"$(inherited)",
				);
				GCC_WARN_64_TO_32_BIT_CONVERSION = YES;
				GCC_WARN_ABOUT_RETURN_TYPE = YES_ERROR;
				GCC_WARN_UNDECLARED_SELECTOR = YES;
				GCC_WARN_UNINITIALIZED_AUTOS = YES_AGGRESSIVE;
				GCC_WARN_UNUSED_FUNCTION = YES;
				GCC_WARN_UNUSED_VARIABLE = YES;
				IPHONEOS_DEPLOYMENT_TARGET = 15.5;
				MTL_ENABLE_DEBUG_INFO = INCLUDE_SOURCE;
				MTL_FAST_MATH = YES;
				ONLY_ACTIVE_ARCH = YES;
				SDKROOT = iphoneos;
				SWIFT_ACTIVE_COMPILATION_CONDITIONS = DEBUG;
				SWIFT_OPTIMIZATION_LEVEL = "-Onone";
			};
			name = Debug;
		};
		DE12F9EF28C8F19F00F416EF /* Release */ = {
			isa = XCBuildConfiguration;
			buildSettings = {
				ALWAYS_SEARCH_USER_PATHS = NO;
				CLANG_ANALYZER_NONNULL = YES;
				CLANG_ANALYZER_NUMBER_OBJECT_CONVERSION = YES_AGGRESSIVE;
				CLANG_CXX_LANGUAGE_STANDARD = "gnu++17";
				CLANG_ENABLE_MODULES = YES;
				CLANG_ENABLE_OBJC_ARC = YES;
				CLANG_ENABLE_OBJC_WEAK = YES;
				CLANG_WARN_BLOCK_CAPTURE_AUTORELEASING = YES;
				CLANG_WARN_BOOL_CONVERSION = YES;
				CLANG_WARN_COMMA = YES;
				CLANG_WARN_CONSTANT_CONVERSION = YES;
				CLANG_WARN_DEPRECATED_OBJC_IMPLEMENTATIONS = YES;
				CLANG_WARN_DIRECT_OBJC_ISA_USAGE = YES_ERROR;
				CLANG_WARN_DOCUMENTATION_COMMENTS = YES;
				CLANG_WARN_EMPTY_BODY = YES;
				CLANG_WARN_ENUM_CONVERSION = YES;
				CLANG_WARN_INFINITE_RECURSION = YES;
				CLANG_WARN_INT_CONVERSION = YES;
				CLANG_WARN_NON_LITERAL_NULL_CONVERSION = YES;
				CLANG_WARN_OBJC_IMPLICIT_RETAIN_SELF = YES;
				CLANG_WARN_OBJC_LITERAL_CONVERSION = YES;
				CLANG_WARN_OBJC_ROOT_CLASS = YES_ERROR;
				CLANG_WARN_QUOTED_INCLUDE_IN_FRAMEWORK_HEADER = YES;
				CLANG_WARN_RANGE_LOOP_ANALYSIS = YES;
				CLANG_WARN_STRICT_PROTOTYPES = YES;
				CLANG_WARN_SUSPICIOUS_MOVE = YES;
				CLANG_WARN_UNGUARDED_AVAILABILITY = YES_AGGRESSIVE;
				CLANG_WARN_UNREACHABLE_CODE = YES;
				CLANG_WARN__DUPLICATE_METHOD_MATCH = YES;
				COPY_PHASE_STRIP = NO;
				DEBUG_INFORMATION_FORMAT = "dwarf-with-dsym";
				ENABLE_NS_ASSERTIONS = NO;
				ENABLE_STRICT_OBJC_MSGSEND = YES;
				GCC_C_LANGUAGE_STANDARD = gnu11;
				GCC_NO_COMMON_BLOCKS = YES;
				GCC_WARN_64_TO_32_BIT_CONVERSION = YES;
				GCC_WARN_ABOUT_RETURN_TYPE = YES_ERROR;
				GCC_WARN_UNDECLARED_SELECTOR = YES;
				GCC_WARN_UNINITIALIZED_AUTOS = YES_AGGRESSIVE;
				GCC_WARN_UNUSED_FUNCTION = YES;
				GCC_WARN_UNUSED_VARIABLE = YES;
				IPHONEOS_DEPLOYMENT_TARGET = 15.5;
				MTL_ENABLE_DEBUG_INFO = NO;
				MTL_FAST_MATH = YES;
				SDKROOT = iphoneos;
				SWIFT_COMPILATION_MODE = wholemodule;
				SWIFT_OPTIMIZATION_LEVEL = "-O";
				VALIDATE_PRODUCT = YES;
			};
			name = Release;
		};
		DE12F9F128C8F19F00F416EF /* Debug */ = {
			isa = XCBuildConfiguration;
			buildSettings = {
				ASSETCATALOG_COMPILER_APPICON_NAME = AppIcon;
				ASSETCATALOG_COMPILER_GLOBAL_ACCENT_COLOR_NAME = AccentColor;
				CODE_SIGN_STYLE = Automatic;
				CURRENT_PROJECT_VERSION = 1;
				DEVELOPMENT_TEAM = A8U85SKFPU;
				GENERATE_INFOPLIST_FILE = YES;
				INFOPLIST_FILE = Geezo/Info.plist;
				INFOPLIST_KEY_UIApplicationSupportsIndirectInputEvents = YES;
				INFOPLIST_KEY_UILaunchStoryboardName = LaunchScreen;
				INFOPLIST_KEY_UISupportedInterfaceOrientations_iPad = "UIInterfaceOrientationPortrait UIInterfaceOrientationPortraitUpsideDown UIInterfaceOrientationLandscapeLeft UIInterfaceOrientationLandscapeRight";
				INFOPLIST_KEY_UISupportedInterfaceOrientations_iPhone = "UIInterfaceOrientationPortrait UIInterfaceOrientationLandscapeLeft UIInterfaceOrientationLandscapeRight";
				IPHONEOS_DEPLOYMENT_TARGET = 15.5;
				LD_RUNPATH_SEARCH_PATHS = (
					"$(inherited)",
					"@executable_path/Frameworks",
				);
				MARKETING_VERSION = 1.0;
				PRODUCT_BUNDLE_IDENTIFIER = com.aurocheg.Geezo;
				PRODUCT_NAME = "$(TARGET_NAME)";
				SWIFT_EMIT_LOC_STRINGS = YES;
				SWIFT_VERSION = 5.0;
				TARGETED_DEVICE_FAMILY = "1,2";
			};
			name = Debug;
		};
		DE12F9F228C8F19F00F416EF /* Release */ = {
			isa = XCBuildConfiguration;
			buildSettings = {
				ASSETCATALOG_COMPILER_APPICON_NAME = AppIcon;
				ASSETCATALOG_COMPILER_GLOBAL_ACCENT_COLOR_NAME = AccentColor;
				CODE_SIGN_STYLE = Automatic;
				CURRENT_PROJECT_VERSION = 1;
				DEVELOPMENT_TEAM = A8U85SKFPU;
				GENERATE_INFOPLIST_FILE = YES;
				INFOPLIST_FILE = Geezo/Info.plist;
				INFOPLIST_KEY_UIApplicationSupportsIndirectInputEvents = YES;
				INFOPLIST_KEY_UILaunchStoryboardName = LaunchScreen;
				INFOPLIST_KEY_UISupportedInterfaceOrientations_iPad = "UIInterfaceOrientationPortrait UIInterfaceOrientationPortraitUpsideDown UIInterfaceOrientationLandscapeLeft UIInterfaceOrientationLandscapeRight";
				INFOPLIST_KEY_UISupportedInterfaceOrientations_iPhone = "UIInterfaceOrientationPortrait UIInterfaceOrientationLandscapeLeft UIInterfaceOrientationLandscapeRight";
				IPHONEOS_DEPLOYMENT_TARGET = 15.5;
				LD_RUNPATH_SEARCH_PATHS = (
					"$(inherited)",
					"@executable_path/Frameworks",
				);
				MARKETING_VERSION = 1.0;
				PRODUCT_BUNDLE_IDENTIFIER = com.aurocheg.Geezo;
				PRODUCT_NAME = "$(TARGET_NAME)";
				SWIFT_EMIT_LOC_STRINGS = YES;
				SWIFT_VERSION = 5.0;
				TARGETED_DEVICE_FAMILY = "1,2";
			};
			name = Release;
		};
/* End XCBuildConfiguration section */

/* Begin XCConfigurationList section */
		DE12F9D728C8F19F00F416EF /* Build configuration list for PBXProject "Geezo" */ = {
			isa = XCConfigurationList;
			buildConfigurations = (
				DE12F9EE28C8F19F00F416EF /* Debug */,
				DE12F9EF28C8F19F00F416EF /* Release */,
			);
			defaultConfigurationIsVisible = 0;
			defaultConfigurationName = Release;
		};
		DE12F9F028C8F19F00F416EF /* Build configuration list for PBXNativeTarget "Geezo" */ = {
			isa = XCConfigurationList;
			buildConfigurations = (
				DE12F9F128C8F19F00F416EF /* Debug */,
				DE12F9F228C8F19F00F416EF /* Release */,
			);
			defaultConfigurationIsVisible = 0;
			defaultConfigurationName = Release;
		};
/* End XCConfigurationList section */
	};
	rootObject = DE12F9D428C8F19F00F416EF /* Project object */;
}
